// !$*UTF8*$!
{
	archiveVersion = 1;
	classes = {
	};
	objectVersion = 56;
	objects = {

/* Begin PBXBuildFile section */
		B505049928CCF74E00BA242B /* WaitTimesApp.swift in Sources */ = {isa = PBXBuildFile; fileRef = B505049828CCF74E00BA242B /* WaitTimesApp.swift */; };
		B505049B28CCF74E00BA242B /* LandsView.swift in Sources */ = {isa = PBXBuildFile; fileRef = B505049A28CCF74E00BA242B /* LandsView.swift */; };
		B505049D28CCF74F00BA242B /* Assets.xcassets in Resources */ = {isa = PBXBuildFile; fileRef = B505049C28CCF74F00BA242B /* Assets.xcassets */; };
		B50504A128CCF74F00BA242B /* Preview Assets.xcassets in Resources */ = {isa = PBXBuildFile; fileRef = B50504A028CCF74F00BA242B /* Preview Assets.xcassets */; };
		B50504A828CD30B200BA242B /* RidesView.swift in Sources */ = {isa = PBXBuildFile; fileRef = B50504A728CD30B200BA242B /* RidesView.swift */; };
		B50504AA28CD30E300BA242B /* RideData.swift in Sources */ = {isa = PBXBuildFile; fileRef = B50504A928CD30E300BA242B /* RideData.swift */; };
		B50504AC28CD3BB800BA242B /* ParkData.swift in Sources */ = {isa = PBXBuildFile; fileRef = B50504AB28CD3BB800BA242B /* ParkData.swift */; };
		B50504AE28CD3E1E00BA242B /* CompaniesView.swift in Sources */ = {isa = PBXBuildFile; fileRef = B50504AD28CD3E1E00BA242B /* CompaniesView.swift */; };
		B50504B028CD41C700BA242B /* ParksView.swift in Sources */ = {isa = PBXBuildFile; fileRef = B50504AF28CD41C700BA242B /* ParksView.swift */; };
/* End PBXBuildFile section */

/* Begin PBXFileReference section */
		B505049528CCF74E00BA242B /* WaitTimes.app */ = {isa = PBXFileReference; explicitFileType = wrapper.application; includeInIndex = 0; path = WaitTimes.app; sourceTree = BUILT_PRODUCTS_DIR; };
		B505049828CCF74E00BA242B /* WaitTimesApp.swift */ = {isa = PBXFileReference; lastKnownFileType = sourcecode.swift; path = WaitTimesApp.swift; sourceTree = "<group>"; };
		B505049A28CCF74E00BA242B /* LandsView.swift */ = {isa = PBXFileReference; lastKnownFileType = sourcecode.swift; path = LandsView.swift; sourceTree = "<group>"; };
		B505049C28CCF74F00BA242B /* Assets.xcassets */ = {isa = PBXFileReference; lastKnownFileType = folder.assetcatalog; path = Assets.xcassets; sourceTree = "<group>"; };
		B505049E28CCF74F00BA242B /* WaitTimes.entitlements */ = {isa = PBXFileReference; lastKnownFileType = text.plist.entitlements; path = WaitTimes.entitlements; sourceTree = "<group>"; };
		B50504A028CCF74F00BA242B /* Preview Assets.xcassets */ = {isa = PBXFileReference; lastKnownFileType = folder.assetcatalog; path = "Preview Assets.xcassets"; sourceTree = "<group>"; };
		B50504A728CD30B200BA242B /* RidesView.swift */ = {isa = PBXFileReference; lastKnownFileType = sourcecode.swift; path = RidesView.swift; sourceTree = "<group>"; };
		B50504A928CD30E300BA242B /* RideData.swift */ = {isa = PBXFileReference; lastKnownFileType = sourcecode.swift; path = RideData.swift; sourceTree = "<group>"; };
		B50504AB28CD3BB800BA242B /* ParkData.swift */ = {isa = PBXFileReference; lastKnownFileType = sourcecode.swift; path = ParkData.swift; sourceTree = "<group>"; };
		B50504AD28CD3E1E00BA242B /* CompaniesView.swift */ = {isa = PBXFileReference; lastKnownFileType = sourcecode.swift; path = CompaniesView.swift; sourceTree = "<group>"; };
		B50504AF28CD41C700BA242B /* ParksView.swift */ = {isa = PBXFileReference; lastKnownFileType = sourcecode.swift; path = ParksView.swift; sourceTree = "<group>"; };
/* End PBXFileReference section */

/* Begin PBXFrameworksBuildPhase section */
		B505049228CCF74E00BA242B /* Frameworks */ = {
			isa = PBXFrameworksBuildPhase;
			buildActionMask = 2147483647;
			files = (
			);
			runOnlyForDeploymentPostprocessing = 0;
		};
/* End PBXFrameworksBuildPhase section */

/* Begin PBXGroup section */
		B505048C28CCF74E00BA242B = {
			isa = PBXGroup;
			children = (
				B505049728CCF74E00BA242B /* WaitTimes */,
				B505049628CCF74E00BA242B /* Products */,
			);
			sourceTree = "<group>";
		};
		B505049628CCF74E00BA242B /* Products */ = {
			isa = PBXGroup;
			children = (
				B505049528CCF74E00BA242B /* WaitTimes.app */,
			);
			name = Products;
			sourceTree = "<group>";
		};
		B505049728CCF74E00BA242B /* WaitTimes */ = {
			isa = PBXGroup;
			children = (
				B505049828CCF74E00BA242B /* WaitTimesApp.swift */,
				B505049A28CCF74E00BA242B /* LandsView.swift */,
				B50504AF28CD41C700BA242B /* ParksView.swift */,
				B50504AD28CD3E1E00BA242B /* CompaniesView.swift */,
				B50504A728CD30B200BA242B /* RidesView.swift */,
				B50504A928CD30E300BA242B /* RideData.swift */,
				B50504AB28CD3BB800BA242B /* ParkData.swift */,
				B505049C28CCF74F00BA242B /* Assets.xcassets */,
				B505049E28CCF74F00BA242B /* WaitTimes.entitlements */,
				B505049F28CCF74F00BA242B /* Preview Content */,
			);
			path = WaitTimes;
			sourceTree = "<group>";
		};
		B505049F28CCF74F00BA242B /* Preview Content */ = {
			isa = PBXGroup;
			children = (
				B50504A028CCF74F00BA242B /* Preview Assets.xcassets */,
			);
			path = "Preview Content";
			sourceTree = "<group>";
		};
/* End PBXGroup section */

/* Begin PBXNativeTarget section */
		B505049428CCF74E00BA242B /* WaitTimes */ = {
			isa = PBXNativeTarget;
			buildConfigurationList = B50504A428CCF74F00BA242B /* Build configuration list for PBXNativeTarget "WaitTimes" */;
			buildPhases = (
				B505049128CCF74E00BA242B /* Sources */,
				B505049228CCF74E00BA242B /* Frameworks */,
				B505049328CCF74E00BA242B /* Resources */,
			);
			buildRules = (
			);
			dependencies = (
			);
			name = WaitTimes;
			productName = WaitTimes;
			productReference = B505049528CCF74E00BA242B /* WaitTimes.app */;
			productType = "com.apple.product-type.application";
		};
/* End PBXNativeTarget section */

/* Begin PBXProject section */
		B505048D28CCF74E00BA242B /* Project object */ = {
			isa = PBXProject;
			attributes = {
				BuildIndependentTargetsInParallel = 1;
				LastSwiftUpdateCheck = 1400;
				LastUpgradeCheck = 1400;
				TargetAttributes = {
					B505049428CCF74E00BA242B = {
						CreatedOnToolsVersion = 14.0;
					};
				};
			};
			buildConfigurationList = B505049028CCF74E00BA242B /* Build configuration list for PBXProject "WaitTimes" */;
			compatibilityVersion = "Xcode 14.0";
			developmentRegion = en;
			hasScannedForEncodings = 0;
			knownRegions = (
				en,
				Base,
			);
			mainGroup = B505048C28CCF74E00BA242B;
			productRefGroup = B505049628CCF74E00BA242B /* Products */;
			projectDirPath = "";
			projectRoot = "";
			targets = (
				B505049428CCF74E00BA242B /* WaitTimes */,
			);
		};
/* End PBXProject section */

/* Begin PBXResourcesBuildPhase section */
		B505049328CCF74E00BA242B /* Resources */ = {
			isa = PBXResourcesBuildPhase;
			buildActionMask = 2147483647;
			files = (
				B50504A128CCF74F00BA242B /* Preview Assets.xcassets in Resources */,
				B505049D28CCF74F00BA242B /* Assets.xcassets in Resources */,
			);
			runOnlyForDeploymentPostprocessing = 0;
		};
/* End PBXResourcesBuildPhase section */

/* Begin PBXSourcesBuildPhase section */
		B505049128CCF74E00BA242B /* Sources */ = {
			isa = PBXSourcesBuildPhase;
			buildActionMask = 2147483647;
			files = (
				B50504A828CD30B200BA242B /* RidesView.swift in Sources */,
				B505049B28CCF74E00BA242B /* LandsView.swift in Sources */,
				B50504AE28CD3E1E00BA242B /* CompaniesView.swift in Sources */,
				B50504AC28CD3BB800BA242B /* ParkData.swift in Sources */,
				B50504B028CD41C700BA242B /* ParksView.swift in Sources */,
				B505049928CCF74E00BA242B /* WaitTimesApp.swift in Sources */,
				B50504AA28CD30E300BA242B /* RideData.swift in Sources */,
			);
			runOnlyForDeploymentPostprocessing = 0;
		};
/* End PBXSourcesBuildPhase section */

/* Begin XCBuildConfiguration section */
		B50504A228CCF74F00BA242B /* Debug */ = {
			isa = XCBuildConfiguration;
			buildSettings = {
				ALWAYS_SEARCH_USER_PATHS = NO;
				CLANG_ANALYZER_NONNULL = YES;
				CLANG_ANALYZER_NUMBER_OBJECT_CONVERSION = YES_AGGRESSIVE;
				CLANG_CXX_LANGUAGE_STANDARD = "gnu++20";
				CLANG_ENABLE_MODULES = YES;
				CLANG_ENABLE_OBJC_ARC = YES;
				CLANG_ENABLE_OBJC_WEAK = YES;
				CLANG_WARN_BLOCK_CAPTURE_AUTORELEASING = YES;
				CLANG_WARN_BOOL_CONVERSION = YES;
				CLANG_WARN_COMMA = YES;
				CLANG_WARN_CONSTANT_CONVERSION = YES;
				CLANG_WARN_DEPRECATED_OBJC_IMPLEMENTATIONS = YES;
				CLANG_WARN_DIRECT_OBJC_ISA_USAGE = YES_ERROR;
				CLANG_WARN_DOCUMENTATION_COMMENTS = YES;
				CLANG_WARN_EMPTY_BODY = YES;
				CLANG_WARN_ENUM_CONVERSION = YES;
				CLANG_WARN_INFINITE_RECURSION = YES;
				CLANG_WARN_INT_CONVERSION = YES;
				CLANG_WARN_NON_LITERAL_NULL_CONVERSION = YES;
				CLANG_WARN_OBJC_IMPLICIT_RETAIN_SELF = YES;
				CLANG_WARN_OBJC_LITERAL_CONVERSION = YES;
				CLANG_WARN_OBJC_ROOT_CLASS = YES_ERROR;
				CLANG_WARN_QUOTED_INCLUDE_IN_FRAMEWORK_HEADER = YES;
				CLANG_WARN_RANGE_LOOP_ANALYSIS = YES;
				CLANG_WARN_STRICT_PROTOTYPES = YES;
				CLANG_WARN_SUSPICIOUS_MOVE = YES;
				CLANG_WARN_UNGUARDED_AVAILABILITY = YES_AGGRESSIVE;
				CLANG_WARN_UNREACHABLE_CODE = YES;
				CLANG_WARN__DUPLICATE_METHOD_MATCH = YES;
				COPY_PHASE_STRIP = NO;
				DEBUG_INFORMATION_FORMAT = dwarf;
				ENABLE_STRICT_OBJC_MSGSEND = YES;
				ENABLE_TESTABILITY = YES;
				GCC_C_LANGUAGE_STANDARD = gnu11;
				GCC_DYNAMIC_NO_PIC = NO;
				GCC_NO_COMMON_BLOCKS = YES;
				GCC_OPTIMIZATION_LEVEL = 0;
				GCC_PREPROCESSOR_DEFINITIONS = (
					"DEBUG=1",
					"$(inherited)",
				);
				GCC_WARN_64_TO_32_BIT_CONVERSION = YES;
				GCC_WARN_ABOUT_RETURN_TYPE = YES_ERROR;
				GCC_WARN_UNDECLARED_SELECTOR = YES;
				GCC_WARN_UNINITIALIZED_AUTOS = YES_AGGRESSIVE;
				GCC_WARN_UNUSED_FUNCTION = YES;
				GCC_WARN_UNUSED_VARIABLE = YES;
				MTL_ENABLE_DEBUG_INFO = INCLUDE_SOURCE;
				MTL_FAST_MATH = YES;
				ONLY_ACTIVE_ARCH = YES;
				SWIFT_ACTIVE_COMPILATION_CONDITIONS = DEBUG;
				SWIFT_OPTIMIZATION_LEVEL = "-Onone";
			};
			name = Debug;
		};
		B50504A328CCF74F00BA242B /* Release */ = {
			isa = XCBuildConfiguration;
			buildSettings = {
				ALWAYS_SEARCH_USER_PATHS = NO;
				CLANG_ANALYZER_NONNULL = YES;
				CLANG_ANALYZER_NUMBER_OBJECT_CONVERSION = YES_AGGRESSIVE;
				CLANG_CXX_LANGUAGE_STANDARD = "gnu++20";
				CLANG_ENABLE_MODULES = YES;
				CLANG_ENABLE_OBJC_ARC = YES;
				CLANG_ENABLE_OBJC_WEAK = YES;
				CLANG_WARN_BLOCK_CAPTURE_AUTORELEASING = YES;
				CLANG_WARN_BOOL_CONVERSION = YES;
				CLANG_WARN_COMMA = YES;
				CLANG_WARN_CONSTANT_CONVERSION = YES;
				CLANG_WARN_DEPRECATED_OBJC_IMPLEMENTATIONS = YES;
				CLANG_WARN_DIRECT_OBJC_ISA_USAGE = YES_ERROR;
				CLANG_WARN_DOCUMENTATION_COMMENTS = YES;
				CLANG_WARN_EMPTY_BODY = YES;
				CLANG_WARN_ENUM_CONVERSION = YES;
				CLANG_WARN_INFINITE_RECURSION = YES;
				CLANG_WARN_INT_CONVERSION = YES;
				CLANG_WARN_NON_LITERAL_NULL_CONVERSION = YES;
				CLANG_WARN_OBJC_IMPLICIT_RETAIN_SELF = YES;
				CLANG_WARN_OBJC_LITERAL_CONVERSION = YES;
				CLANG_WARN_OBJC_ROOT_CLASS = YES_ERROR;
				CLANG_WARN_QUOTED_INCLUDE_IN_FRAMEWORK_HEADER = YES;
				CLANG_WARN_RANGE_LOOP_ANALYSIS = YES;
				CLANG_WARN_STRICT_PROTOTYPES = YES;
				CLANG_WARN_SUSPICIOUS_MOVE = YES;
				CLANG_WARN_UNGUARDED_AVAILABILITY = YES_AGGRESSIVE;
				CLANG_WARN_UNREACHABLE_CODE = YES;
				CLANG_WARN__DUPLICATE_METHOD_MATCH = YES;
				COPY_PHASE_STRIP = NO;
				DEBUG_INFORMATION_FORMAT = "dwarf-with-dsym";
				ENABLE_NS_ASSERTIONS = NO;
				ENABLE_STRICT_OBJC_MSGSEND = YES;
				GCC_C_LANGUAGE_STANDARD = gnu11;
				GCC_NO_COMMON_BLOCKS = YES;
				GCC_WARN_64_TO_32_BIT_CONVERSION = YES;
				GCC_WARN_ABOUT_RETURN_TYPE = YES_ERROR;
				GCC_WARN_UNDECLARED_SELECTOR = YES;
				GCC_WARN_UNINITIALIZED_AUTOS = YES_AGGRESSIVE;
				GCC_WARN_UNUSED_FUNCTION = YES;
				GCC_WARN_UNUSED_VARIABLE = YES;
				MTL_ENABLE_DEBUG_INFO = NO;
				MTL_FAST_MATH = YES;
				SWIFT_COMPILATION_MODE = wholemodule;
				SWIFT_OPTIMIZATION_LEVEL = "-O";
			};
			name = Release;
		};
		B50504A528CCF74F00BA242B /* Debug */ = {
			isa = XCBuildConfiguration;
			buildSettings = {
				ASSETCATALOG_COMPILER_APPICON_NAME = AppIcon;
				ASSETCATALOG_COMPILER_GLOBAL_ACCENT_COLOR_NAME = AccentColor;
				CODE_SIGN_ENTITLEMENTS = WaitTimes/WaitTimes.entitlements;
				CODE_SIGN_STYLE = Automatic;
				CURRENT_PROJECT_VERSION = 1;
				DEVELOPMENT_ASSET_PATHS = "\"WaitTimes/Preview Content\"";
				DEVELOPMENT_TEAM = 5M7L7W2WHX;
				ENABLE_HARDENED_RUNTIME = YES;
				ENABLE_PREVIEWS = YES;
				GENERATE_INFOPLIST_FILE = YES;
				"INFOPLIST_KEY_UIApplicationSceneManifest_Generation[sdk=iphoneos*]" = YES;
				"INFOPLIST_KEY_UIApplicationSceneManifest_Generation[sdk=iphonesimulator*]" = YES;
				"INFOPLIST_KEY_UIApplicationSupportsIndirectInputEvents[sdk=iphoneos*]" = YES;
				"INFOPLIST_KEY_UIApplicationSupportsIndirectInputEvents[sdk=iphonesimulator*]" = YES;
				"INFOPLIST_KEY_UILaunchScreen_Generation[sdk=iphoneos*]" = YES;
				"INFOPLIST_KEY_UILaunchScreen_Generation[sdk=iphonesimulator*]" = YES;
				"INFOPLIST_KEY_UIStatusBarStyle[sdk=iphoneos*]" = UIStatusBarStyleDefault;
				"INFOPLIST_KEY_UIStatusBarStyle[sdk=iphonesimulator*]" = UIStatusBarStyleDefault;
				INFOPLIST_KEY_UISupportedInterfaceOrientations_iPad = "UIInterfaceOrientationPortrait UIInterfaceOrientationPortraitUpsideDown UIInterfaceOrientationLandscapeLeft UIInterfaceOrientationLandscapeRight";
				INFOPLIST_KEY_UISupportedInterfaceOrientations_iPhone = "UIInterfaceOrientationPortrait UIInterfaceOrientationLandscapeLeft UIInterfaceOrientationLandscapeRight";
				IPHONEOS_DEPLOYMENT_TARGET = 16.0;
				LD_RUNPATH_SEARCH_PATHS = "@executable_path/Frameworks";
				"LD_RUNPATH_SEARCH_PATHS[sdk=macosx*]" = "@executable_path/../Frameworks";
				MACOSX_DEPLOYMENT_TARGET = 13.0;
				MARKETING_VERSION = 1.0;
				PRODUCT_BUNDLE_IDENTIFIER = com.hunterdobbapps.WaitTimes;
				PRODUCT_NAME = "$(TARGET_NAME)";
				SDKROOT = auto;
				SUPPORTED_PLATFORMS = "iphoneos iphonesimulator macosx";
				SWIFT_EMIT_LOC_STRINGS = YES;
				SWIFT_VERSION = 5.0;
				TARGETED_DEVICE_FAMILY = "1,2";
			};
			name = Debug;
		};
		B50504A628CCF74F00BA242B /* Release */ = {
			isa = XCBuildConfiguration;
			buildSettings = {
				ASSETCATALOG_COMPILER_APPICON_NAME = AppIcon;
				ASSETCATALOG_COMPILER_GLOBAL_ACCENT_COLOR_NAME = AccentColor;
				CODE_SIGN_ENTITLEMENTS = WaitTimes/WaitTimes.entitlements;
				CODE_SIGN_STYLE = Automatic;
				CURRENT_PROJECT_VERSION = 1;
				DEVELOPMENT_ASSET_PATHS = "\"WaitTimes/Preview Content\"";
				DEVELOPMENT_TEAM = 5M7L7W2WHX;
				ENABLE_HARDENED_RUNTIME = YES;
				ENABLE_PREVIEWS = YES;
				GENERATE_INFOPLIST_FILE = YES;
				"INFOPLIST_KEY_UIApplicationSceneManifest_Generation[sdk=iphoneos*]" = YES;
				"INFOPLIST_KEY_UIApplicationSceneManifest_Generation[sdk=iphonesimulator*]" = YES;
				"INFOPLIST_KEY_UIApplicationSupportsIndirectInputEvents[sdk=iphoneos*]" = YES;
				"INFOPLIST_KEY_UIApplicationSupportsIndirectInputEvents[sdk=iphonesimulator*]" = YES;
				"INFOPLIST_KEY_UILaunchScreen_Generation[sdk=iphoneos*]" = YES;
				"INFOPLIST_KEY_UILaunchScreen_Generation[sdk=iphonesimulator*]" = YES;
				"INFOPLIST_KEY_UIStatusBarStyle[sdk=iphoneos*]" = UIStatusBarStyleDefault;
				"INFOPLIST_KEY_UIStatusBarStyle[sdk=iphonesimulator*]" = UIStatusBarStyleDefault;
				INFOPLIST_KEY_UISupportedInterfaceOrientations_iPad = "UIInterfaceOrientationPortrait UIInterfaceOrientationPortraitUpsideDown UIInterfaceOrientationLandscapeLeft UIInterfaceOrientationLandscapeRight";
				INFOPLIST_KEY_UISupportedInterfaceOrientations_iPhone = "UIInterfaceOrientationPortrait UIInterfaceOrientationLandscapeLeft UIInterfaceOrientationLandscapeRight";
				IPHONEOS_DEPLOYMENT_TARGET = 16.0;
				LD_RUNPATH_SEARCH_PATHS = "@executable_path/Frameworks";
				"LD_RUNPATH_SEARCH_PATHS[sdk=macosx*]" = "@executable_path/../Frameworks";
				MACOSX_DEPLOYMENT_TARGET = 13.0;
				MARKETING_VERSION = 1.0;
				PRODUCT_BUNDLE_IDENTIFIER = com.hunterdobbapps.WaitTimes;
				PRODUCT_NAME = "$(TARGET_NAME)";
				SDKROOT = auto;
				SUPPORTED_PLATFORMS = "iphoneos iphonesimulator macosx";
				SWIFT_EMIT_LOC_STRINGS = YES;
				SWIFT_VERSION = 5.0;
				TARGETED_DEVICE_FAMILY = "1,2";
			};
			name = Release;
		};
/* End XCBuildConfiguration section */

/* Begin XCConfigurationList section */
		B505049028CCF74E00BA242B /* Build configuration list for PBXProject "WaitTimes" */ = {
			isa = XCConfigurationList;
			buildConfigurations = (
				B50504A228CCF74F00BA242B /* Debug */,
				B50504A328CCF74F00BA242B /* Release */,
			);
			defaultConfigurationIsVisible = 0;
			defaultConfigurationName = Release;
		};
		B50504A428CCF74F00BA242B /* Build configuration list for PBXNativeTarget "WaitTimes" */ = {
			isa = XCConfigurationList;
			buildConfigurations = (
				B50504A528CCF74F00BA242B /* Debug */,
				B50504A628CCF74F00BA242B /* Release */,
			);
			defaultConfigurationIsVisible = 0;
			defaultConfigurationName = Release;
		};
/* End XCConfigurationList section */
	};
	rootObject = B505048D28CCF74E00BA242B /* Project object */;
}
